<?xml version="1.0" encoding="utf-8"?>
<Project ToolsVersion="4.0" xmlns="http://schemas.microsoft.com/developer/msbuild/2003">
  <ItemGroup>
    <Filter Include="Source Files">
      <UniqueIdentifier>{4FC737F1-C7A5-4376-A066-2A32D752A2FF}</UniqueIdentifier>
      <Extensions>cpp;c;cc;cxx;c++;cppm;ixx;def;odl;idl;hpj;bat;asm;asmx</Extensions>
    </Filter>
    <Filter Include="Header Files">
      <UniqueIdentifier>{93995380-89BD-4b04-88EB-625FBE52EBFB}</UniqueIdentifier>
      <Extensions>h;hh;hpp;hxx;h++;hm;inl;inc;ipp;xsd</Extensions>
    </Filter>
    <Filter Include="Resource Files">
      <UniqueIdentifier>{67DA6AB6-F800-4c08-8B7A-83BB121AAD01}</UniqueIdentifier>
      <Extensions>rc;ico;cur;bmp;dlg;rc2;rct;bin;rgs;gif;jpg;jpeg;jpe;resx;tiff;tif;png;wav;mfcribbon-ms</Extensions>
    </Filter>
    <Filter Include="Header Files\Extensions">
      <UniqueIdentifier>{ec12c34e-a6c0-4021-a02c-ed9cb9f19ac1}</UniqueIdentifier>
    </Filter>
  </ItemGroup>
  <ItemGroup>
    <ClCompile Include="Custom-lang.cpp">
      <Filter>Source Files</Filter>
    </ClCompile>
    <ClCompile Include="Safety.ixx">
      <Filter>Source Files</Filter>
    </ClCompile>
    <ClCompile Include="Types\Types.ixx">
      <Filter>Source Files</Filter>
    </ClCompile>
    <ClCompile Include="Logger.ixx">
      <Filter>Source Files</Filter>
    </ClCompile>
    <ClCompile Include="Frontend\Parser.ixx">
      <Filter>Source Files</Filter>
    </ClCompile>
    <ClCompile Include="Frontend\Lexer.ixx">
      <Filter>Source Files</Filter>
    </ClCompile>
    <ClCompile Include="Types\FlatMap.ixx">
      <Filter>Source Files</Filter>
    </ClCompile>
    <ClCompile Include="Types\Extensions\Vector.ixx">
      <Filter>Source Files</Filter>
    </ClCompile>
    <ClCompile Include="Types\Extensions\String.ixx">
      <Filter>Source Files</Filter>
    </ClCompile>
    <ClCompile Include="Runtime\ExecutionContext.ixx">
      <Filter>Source Files</Filter>
    </ClCompile>
    <ClCompile Include="Runtime\Values\RuntimeValue.ixx">
      <Filter>Source Files</Filter>
    </ClCompile>
    <ClCompile Include="Runtime\Values\NullValue.ixx">
      <Filter>Source Files</Filter>
    </ClCompile>
    <ClCompile Include="Runtime\Values\BoolValue.ixx">
      <Filter>Source Files</Filter>
    </ClCompile>
    <ClCompile Include="Runtime\Interpreter.ixx">
      <Filter>Source Files</Filter>
    </ClCompile>
    <ClCompile Include="Runtime\Values\NumberValue.ixx">
      <Filter>Source Files</Filter>
    </ClCompile>
    <ClCompile Include="Runtime\Values\ObjectValue.ixx">
      <Filter>Source Files</Filter>
    </ClCompile>
    <ClCompile Include="Frontend\AST\Statements.ixx">
      <Filter>Source Files</Filter>
    </ClCompile>
    <ClCompile Include="Frontend\AST\Core.ixx">
      <Filter>Source Files</Filter>
    </ClCompile>
    <ClCompile Include="Frontend\AST\Expressions.ixx">
      <Filter>Source Files</Filter>
    </ClCompile>
    <ClCompile Include="Runtime\Values\FunctionValue.ixx">
      <Filter>Source Files</Filter>
    </ClCompile>
    <ClCompile Include="Runtime\Values\StringValue.ixx">
      <Filter>Source Files</Filter>
    </ClCompile>
  </ItemGroup>
</Project>